{
  "name": "mzazicare-escalation",
  "version": "0.1.0",
  "lockfileVersion": 3,
  "requires": true,
  "packages": {
    "": {
      "name": "mzazicare-escalation",
      "version": "0.1.0",
      "hasInstallScript": true,
      "license": "UNLICENSED",
      "workspaces": [
        "apps/*",
        "packages/*"
      ],
      "engines": {
        "node": ">=22 <23",
        "npm": ">=10"
      }
    },
    "apps/api": {
      "name": "@mzazicare/api",
      "version": "0.1.0"
    },
    "node_modules/@mzazicare/api": {
      "resolved": "apps/api",
      "link": true
    },
    "node_modules/@mzazicare/tokens": {
      "resolved": "packages/tokens",
      "link": true
    },
    "packages/tokens": {
      "name": "@mzazicare/tokens",
      "version": "0.2.0"
    }
  }
}
